
Microsoft Visual Studio Solution File, Format Version 12.00
# Visual Studio 15
VisualStudioVersion = 15.0.28307.1433
MinimumVisualStudioVersion = 10.0.40219.1
Project("{FAE04EC0-301F-11D3-BF4B-00C04F79EFBC}") = "BreakingtheRecords", "BreakingtheRecords\BreakingtheRecords.csproj", "{3E6D9A7E-53E7-4C26-95EF-5D29805A4EE0}"
EndProject
Global
	GlobalSection(SolutionConfigurationPlatforms) = preSolution
		Debug|Any CPU = Debug|Any CPU
		Release|Any CPU = Release|Any CPU
	EndGlobalSection
	GlobalSection(ProjectConfigurationPlatforms) = postSolution
		{3E6D9A7E-53E7-4C26-95EF-5D29805A4EE0}.Debug|Any CPU.ActiveCfg = Debug|Any CPU
		{3E6D9A7E-53E7-4C26-95EF-5D29805A4EE0}.Debug|Any CPU.Build.0 = Debug|Any CPU
		{3E6D9A7E-53E7-4C26-95EF-5D29805A4EE0}.Release|Any CPU.ActiveCfg = Release|Any CPU
		{3E6D9A7E-53E7-4C26-95EF-5D29805A4EE0}.Release|Any CPU.Build.0 = Release|Any CPU
	EndGlobalSection
	GlobalSection(SolutionProperties) = preSolution
		HideSolutionNode = FALSE
	EndGlobalSection
	GlobalSection(ExtensibilityGlobals) = postSolution
		SolutionGuid = {EA9CBC9A-F9EC-4ECE-8E8D-9D9B858121E8}
	EndGlobalSection
EndGlobal
