
Microsoft Visual Studio Solution File, Format Version 12.00
# Visual Studio 15
VisualStudioVersion = 15.0.28307.1433
MinimumVisualStudioVersion = 10.0.40219.1
Project("{FAE04EC0-301F-11D3-BF4B-00C04F79EFBC}") = "Staircase", "Staircase\Staircase.csproj", "{3B0BF471-B677-4A41-9D39-FADC01B2F03F}"
EndProject
Global
	GlobalSection(SolutionConfigurationPlatforms) = preSolution
		Debug|Any CPU = Debug|Any CPU
		Release|Any CPU = Release|Any CPU
	EndGlobalSection
	GlobalSection(ProjectConfigurationPlatforms) = postSolution
		{3B0BF471-B677-4A41-9D39-FADC01B2F03F}.Debug|Any CPU.ActiveCfg = Debug|Any CPU
		{3B0BF471-B677-4A41-9D39-FADC01B2F03F}.Debug|Any CPU.Build.0 = Debug|Any CPU
		{3B0BF471-B677-4A41-9D39-FADC01B2F03F}.Release|Any CPU.ActiveCfg = Release|Any CPU
		{3B0BF471-B677-4A41-9D39-FADC01B2F03F}.Release|Any CPU.Build.0 = Release|Any CPU
	EndGlobalSection
	GlobalSection(SolutionProperties) = preSolution
		HideSolutionNode = FALSE
	EndGlobalSection
	GlobalSection(ExtensibilityGlobals) = postSolution
		SolutionGuid = {6F1C4DB2-3B5C-4F25-9B09-97D46D6C679A}
	EndGlobalSection
EndGlobal
