
Microsoft Visual Studio Solution File, Format Version 12.00
# Visual Studio 15
VisualStudioVersion = 15.0.28307.1433
MinimumVisualStudioVersion = 10.0.40219.1
Project("{FAE04EC0-301F-11D3-BF4B-00C04F79EFBC}") = "BetweenTwoSets", "BetweenTwoSets\BetweenTwoSets.csproj", "{CF2B1194-4FC4-4A8D-91C0-276EC270E780}"
EndProject
Global
	GlobalSection(SolutionConfigurationPlatforms) = preSolution
		Debug|Any CPU = Debug|Any CPU
		Release|Any CPU = Release|Any CPU
	EndGlobalSection
	GlobalSection(ProjectConfigurationPlatforms) = postSolution
		{CF2B1194-4FC4-4A8D-91C0-276EC270E780}.Debug|Any CPU.ActiveCfg = Debug|Any CPU
		{CF2B1194-4FC4-4A8D-91C0-276EC270E780}.Debug|Any CPU.Build.0 = Debug|Any CPU
		{CF2B1194-4FC4-4A8D-91C0-276EC270E780}.Release|Any CPU.ActiveCfg = Release|Any CPU
		{CF2B1194-4FC4-4A8D-91C0-276EC270E780}.Release|Any CPU.Build.0 = Release|Any CPU
	EndGlobalSection
	GlobalSection(SolutionProperties) = preSolution
		HideSolutionNode = FALSE
	EndGlobalSection
	GlobalSection(ExtensibilityGlobals) = postSolution
		SolutionGuid = {C1292384-B5B2-4824-BE4A-99C24B1CDF9F}
	EndGlobalSection
EndGlobal
